
Microsoft Visual Studio Solution File, Format Version 12.00
# Visual Studio Version 16
VisualStudioVersion = 16.0.33027.164
MinimumVisualStudioVersion = 10.0.40219.1
Project("{9A19103F-16F7-4668-BE54-9A1E7A4F7556}") = "Entidades", "Entidades\Entidades.csproj", "{928F4278-0A4A-4DD6-8552-319EF46C5C21}"
EndProject
Project("{9A19103F-16F7-4668-BE54-9A1E7A4F7556}") = "Simulacion", "SimuladorForm\Simulacion.csproj", "{3F9071F4-3E1A-4298-9160-8E719E80B13A}"
EndProject
Project("{FAE04EC0-301F-11D3-BF4B-00C04F79EFBC}") = "Test", "Test\Test.csproj", "{DE9A4614-DE41-4661-A512-58EB2782CA0D}"
EndProject
Global
	GlobalSection(SolutionConfigurationPlatforms) = preSolution
		Debug|Any CPU = Debug|Any CPU
		Release|Any CPU = Release|Any CPU
	EndGlobalSection
	GlobalSection(ProjectConfigurationPlatforms) = postSolution
		{928F4278-0A4A-4DD6-8552-319EF46C5C21}.Debug|Any CPU.ActiveCfg = Debug|Any CPU
		{928F4278-0A4A-4DD6-8552-319EF46C5C21}.Debug|Any CPU.Build.0 = Debug|Any CPU
		{928F4278-0A4A-4DD6-8552-319EF46C5C21}.Release|Any CPU.ActiveCfg = Release|Any CPU
		{928F4278-0A4A-4DD6-8552-319EF46C5C21}.Release|Any CPU.Build.0 = Release|Any CPU
		{3F9071F4-3E1A-4298-9160-8E719E80B13A}.Debug|Any CPU.ActiveCfg = Debug|Any CPU
		{3F9071F4-3E1A-4298-9160-8E719E80B13A}.Debug|Any CPU.Build.0 = Debug|Any CPU
		{3F9071F4-3E1A-4298-9160-8E719E80B13A}.Release|Any CPU.ActiveCfg = Release|Any CPU
		{3F9071F4-3E1A-4298-9160-8E719E80B13A}.Release|Any CPU.Build.0 = Release|Any CPU
		{DE9A4614-DE41-4661-A512-58EB2782CA0D}.Debug|Any CPU.ActiveCfg = Debug|Any CPU
		{DE9A4614-DE41-4661-A512-58EB2782CA0D}.Debug|Any CPU.Build.0 = Debug|Any CPU
		{DE9A4614-DE41-4661-A512-58EB2782CA0D}.Release|Any CPU.ActiveCfg = Release|Any CPU
		{DE9A4614-DE41-4661-A512-58EB2782CA0D}.Release|Any CPU.Build.0 = Release|Any CPU
	EndGlobalSection
	GlobalSection(SolutionProperties) = preSolution
		HideSolutionNode = FALSE
	EndGlobalSection
	GlobalSection(ExtensibilityGlobals) = postSolution
		SolutionGuid = {10416587-0D3F-45A2-8BC6-BD26898C129E}
	EndGlobalSection
EndGlobal
